# @generated by Move, please check-in and do not edit manually.

[move]
version = 3
manifest_digest = "4280E2BB078521A01A1B5C583DAFE1CA61D293234D46169D8A99552A3C605E3D"
deps_digest = "3C4103934B1E040BB6B23F1D610B4EF9F2F1166A50A104EADCF77467C004C600"
dependencies = [
  { id = "Kiosk", name = "Kiosk" },
  { id = "Sui", name = "Sui" },
]

[[move.package]]
id = "Kiosk"
source = { git = "https://github.com/thounyy/apps.git", rev = "testnet", subdir = "kiosk" }

dependencies = [
  { id = "Sui", name = "Sui" },
]

[[move.package]]
id = "MoveStdlib"
source = { git = "https://github.com/MystenLabs/sui.git", rev = "framework/testnet", subdir = "crates/sui-framework/packages/move-stdlib" }

[[move.package]]
id = "Sui"
source = { git = "https://github.com/MystenLabs/sui.git", rev = "framework/testnet", subdir = "crates/sui-framework/packages/sui-framework" }

dependencies = [
  { id = "MoveStdlib", name = "MoveStdlib" },
]

[move.toolchain-version]
compiler-version = "1.46.2"
edition = "2024.beta"
flavor = "sui"

[env]

[env.testnet]
chain-id = "4c78adac"
original-published-id = "0x6e2fac21fdfa68d5852a5674e138437d7a300ef00436c1f888b868038f4c0b10"
latest-published-id = "0x6e2fac21fdfa68d5852a5674e138437d7a300ef00436c1f888b868038f4c0b10"
published-version = "1"
